github.com/divinerites/plausible-hugo v1.22.0 h1:2pZheSaIMc+EtwcEeZv0ioU2qBOEZa1Ii7IaR/9II9k=
github.com/divinerites/plausible-hugo v1.22.0/go.mod h1:cxr+YB3FUwbLon8KCs4pV4Ankbkq6lJxTQUpNb5KqPo=
github.com/nunocoracao/blowfish/v2 v2.97.0 h1:ofFBkTQKFDnM5/XVLReuJ6KPzLQFwscEg0dYEebWXvw=
github.com/nunocoracao/blowfish/v2 v2.97.0/go.mod h1:4SkMc+Ht8gpQCwArqiHMBDP3soxi2OWuAhVney+cuyk=
